// !$*UTF8*$!
{
	archiveVersion = 1;
	classes = {
	};
	objectVersion = 56;
	objects = {

/* Begin PBXBuildFile section */
		D5EE896C2B58B91600C48712 /* azadApp.swift in Sources */ = {isa = PBXBuildFile; fileRef = D5EE896B2B58B91600C48712 /* azadApp.swift */; };
		D5EE896E2B58B91600C48712 /* ContentView.swift in Sources */ = {isa = PBXBuildFile; fileRef = D5EE896D2B58B91600C48712 /* ContentView.swift */; };
		D5EE89702B58B91700C48712 /* Assets.xcassets in Resources */ = {isa = PBXBuildFile; fileRef = D5EE896F2B58B91700C48712 /* Assets.xcassets */; };
		D5EE89732B58B91700C48712 /* Preview Assets.xcassets in Resources */ = {isa = PBXBuildFile; fileRef = D5EE89722B58B91700C48712 /* Preview Assets.xcassets */; };
		D5EE897D2B58B91700C48712 /* azadTests.swift in Sources */ = {isa = PBXBuildFile; fileRef = D5EE897C2B58B91700C48712 /* azadTests.swift */; };
		D5EE89872B58B91700C48712 /* azadUITests.swift in Sources */ = {isa = PBXBuildFile; fileRef = D5EE89862B58B91700C48712 /* azadUITests.swift */; };
		D5EE89892B58B91700C48712 /* azadUITestsLaunchTests.swift in Sources */ = {isa = PBXBuildFile; fileRef = D5EE89882B58B91700C48712 /* azadUITestsLaunchTests.swift */; };
/* End PBXBuildFile section */

/* Begin PBXContainerItemProxy section */
		D5EE89792B58B91700C48712 /* PBXContainerItemProxy */ = {
			isa = PBXContainerItemProxy;
			containerPortal = D5EE89602B58B91600C48712 /* Project object */;
			proxyType = 1;
			remoteGlobalIDString = D5EE89672B58B91600C48712;
			remoteInfo = azad;
		};
		D5EE89832B58B91700C48712 /* PBXContainerItemProxy */ = {
			isa = PBXContainerItemProxy;
			containerPortal = D5EE89602B58B91600C48712 /* Project object */;
			proxyType = 1;
			remoteGlobalIDString = D5EE89672B58B91600C48712;
			remoteInfo = azad;
		};
/* End PBXContainerItemProxy section */

/* Begin PBXFileReference section */
		D5EE89682B58B91600C48712 /* azad.app */ = {isa = PBXFileReference; explicitFileType = wrapper.application; includeInIndex = 0; path = azad.app; sourceTree = BUILT_PRODUCTS_DIR; };
		D5EE896B2B58B91600C48712 /* azadApp.swift */ = {isa = PBXFileReference; lastKnownFileType = sourcecode.swift; path = azadApp.swift; sourceTree = "<group>"; };
		D5EE896D2B58B91600C48712 /* ContentView.swift */ = {isa = PBXFileReference; lastKnownFileType = sourcecode.swift; path = ContentView.swift; sourceTree = "<group>"; };
		D5EE896F2B58B91700C48712 /* Assets.xcassets */ = {isa = PBXFileReference; lastKnownFileType = folder.assetcatalog; path = Assets.xcassets; sourceTree = "<group>"; };
		D5EE89722B58B91700C48712 /* Preview Assets.xcassets */ = {isa = PBXFileReference; lastKnownFileType = folder.assetcatalog; path = "Preview Assets.xcassets"; sourceTree = "<group>"; };
		D5EE89782B58B91700C48712 /* azadTests.xctest */ = {isa = PBXFileReference; explicitFileType = wrapper.cfbundle; includeInIndex = 0; path = azadTests.xctest; sourceTree = BUILT_PRODUCTS_DIR; };
		D5EE897C2B58B91700C48712 /* azadTests.swift */ = {isa = PBXFileReference; lastKnownFileType = sourcecode.swift; path = azadTests.swift; sourceTree = "<group>"; };
		D5EE89822B58B91700C48712 /* azadUITests.xctest */ = {isa = PBXFileReference; explicitFileType = wrapper.cfbundle; includeInIndex = 0; path = azadUITests.xctest; sourceTree = BUILT_PRODUCTS_DIR; };
		D5EE89862B58B91700C48712 /* azadUITests.swift */ = {isa = PBXFileReference; lastKnownFileType = sourcecode.swift; path = azadUITests.swift; sourceTree = "<group>"; };
		D5EE89882B58B91700C48712 /* azadUITestsLaunchTests.swift */ = {isa = PBXFileReference; lastKnownFileType = sourcecode.swift; path = azadUITestsLaunchTests.swift; sourceTree = "<group>"; };
/* End PBXFileReference section */

/* Begin PBXFrameworksBuildPhase section */
		D5EE89652B58B91600C48712 /* Frameworks */ = {
			isa = PBXFrameworksBuildPhase;
			buildActionMask = 2147483647;
			files = (
			);
			runOnlyForDeploymentPostprocessing = 0;
		};
		D5EE89752B58B91700C48712 /* Frameworks */ = {
			isa = PBXFrameworksBuildPhase;
			buildActionMask = 2147483647;
			files = (
			);
			runOnlyForDeploymentPostprocessing = 0;
		};
		D5EE897F2B58B91700C48712 /* Frameworks */ = {
			isa = PBXFrameworksBuildPhase;
			buildActionMask = 2147483647;
			files = (
			);
			runOnlyForDeploymentPostprocessing = 0;
		};
/* End PBXFrameworksBuildPhase section */

/* Begin PBXGroup section */
		D5EE895F2B58B91600C48712 = {
			isa = PBXGroup;
			children = (
				D5EE896A2B58B91600C48712 /* azad */,
				D5EE897B2B58B91700C48712 /* azadTests */,
				D5EE89852B58B91700C48712 /* azadUITests */,
				D5EE89692B58B91600C48712 /* Products */,
			);
			sourceTree = "<group>";
		};
		D5EE89692B58B91600C48712 /* Products */ = {
			isa = PBXGroup;
			children = (
				D5EE89682B58B91600C48712 /* azad.app */,
				D5EE89782B58B91700C48712 /* azadTests.xctest */,
				D5EE89822B58B91700C48712 /* azadUITests.xctest */,
			);
			name = Products;
			sourceTree = "<group>";
		};
		D5EE896A2B58B91600C48712 /* azad */ = {
			isa = PBXGroup;
			children = (
				D5EE896B2B58B91600C48712 /* azadApp.swift */,
				D5EE896D2B58B91600C48712 /* ContentView.swift */,
				D5EE896F2B58B91700C48712 /* Assets.xcassets */,
				D5EE89712B58B91700C48712 /* Preview Content */,
			);
			path = azad;
			sourceTree = "<group>";
		};
		D5EE89712B58B91700C48712 /* Preview Content */ = {
			isa = PBXGroup;
			children = (
				D5EE89722B58B91700C48712 /* Preview Assets.xcassets */,
			);
			path = "Preview Content";
			sourceTree = "<group>";
		};
		D5EE897B2B58B91700C48712 /* azadTests */ = {
			isa = PBXGroup;
			children = (
				D5EE897C2B58B91700C48712 /* azadTests.swift */,
			);
			path = azadTests;
			sourceTree = "<group>";
		};
		D5EE89852B58B91700C48712 /* azadUITests */ = {
			isa = PBXGroup;
			children = (
				D5EE89862B58B91700C48712 /* azadUITests.swift */,
				D5EE89882B58B91700C48712 /* azadUITestsLaunchTests.swift */,
			);
			path = azadUITests;
			sourceTree = "<group>";
		};
/* End PBXGroup section */

/* Begin PBXNativeTarget section */
		D5EE89672B58B91600C48712 /* azad */ = {
			isa = PBXNativeTarget;
			buildConfigurationList = D5EE898C2B58B91700C48712 /* Build configuration list for PBXNativeTarget "azad" */;
			buildPhases = (
				D5EE89642B58B91600C48712 /* Sources */,
				D5EE89652B58B91600C48712 /* Frameworks */,
				D5EE89662B58B91600C48712 /* Resources */,
			);
			buildRules = (
			);
			dependencies = (
			);
			name = azad;
			productName = azad;
			productReference = D5EE89682B58B91600C48712 /* azad.app */;
			productType = "com.apple.product-type.application";
		};
		D5EE89772B58B91700C48712 /* azadTests */ = {
			isa = PBXNativeTarget;
			buildConfigurationList = D5EE898F2B58B91700C48712 /* Build configuration list for PBXNativeTarget "azadTests" */;
			buildPhases = (
				D5EE89742B58B91700C48712 /* Sources */,
				D5EE89752B58B91700C48712 /* Frameworks */,
				D5EE89762B58B91700C48712 /* Resources */,
			);
			buildRules = (
			);
			dependencies = (
				D5EE897A2B58B91700C48712 /* PBXTargetDependency */,
			);
			name = azadTests;
			productName = azadTests;
			productReference = D5EE89782B58B91700C48712 /* azadTests.xctest */;
			productType = "com.apple.product-type.bundle.unit-test";
		};
		D5EE89812B58B91700C48712 /* azadUITests */ = {
			isa = PBXNativeTarget;
			buildConfigurationList = D5EE89922B58B91700C48712 /* Build configuration list for PBXNativeTarget "azadUITests" */;
			buildPhases = (
				D5EE897E2B58B91700C48712 /* Sources */,
				D5EE897F2B58B91700C48712 /* Frameworks */,
				D5EE89802B58B91700C48712 /* Resources */,
			);
			buildRules = (
			);
			dependencies = (
				D5EE89842B58B91700C48712 /* PBXTargetDependency */,
			);
			name = azadUITests;
			productName = azadUITests;
			productReference = D5EE89822B58B91700C48712 /* azadUITests.xctest */;
			productType = "com.apple.product-type.bundle.ui-testing";
		};
/* End PBXNativeTarget section */

/* Begin PBXProject section */
		D5EE89602B58B91600C48712 /* Project object */ = {
			isa = PBXProject;
			attributes = {
				BuildIndependentTargetsInParallel = 1;
				LastSwiftUpdateCheck = 1420;
				LastUpgradeCheck = 1420;
				TargetAttributes = {
					D5EE89672B58B91600C48712 = {
						CreatedOnToolsVersion = 14.2;
					};
					D5EE89772B58B91700C48712 = {
						CreatedOnToolsVersion = 14.2;
						TestTargetID = D5EE89672B58B91600C48712;
					};
					D5EE89812B58B91700C48712 = {
						CreatedOnToolsVersion = 14.2;
						TestTargetID = D5EE89672B58B91600C48712;
					};
				};
			};
			buildConfigurationList = D5EE89632B58B91600C48712 /* Build configuration list for PBXProject "azad" */;
			compatibilityVersion = "Xcode 14.0";
			developmentRegion = en;
			hasScannedForEncodings = 0;
			knownRegions = (
				en,
				Base,
			);
			mainGroup = D5EE895F2B58B91600C48712;
			productRefGroup = D5EE89692B58B91600C48712 /* Products */;
			projectDirPath = "";
			projectRoot = "";
			targets = (
				D5EE89672B58B91600C48712 /* azad */,
				D5EE89772B58B91700C48712 /* azadTests */,
				D5EE89812B58B91700C48712 /* azadUITests */,
			);
		};
/* End PBXProject section */

/* Begin PBXResourcesBuildPhase section */
		D5EE89662B58B91600C48712 /* Resources */ = {
			isa = PBXResourcesBuildPhase;
			buildActionMask = 2147483647;
			files = (
				D5EE89732B58B91700C48712 /* Preview Assets.xcassets in Resources */,
				D5EE89702B58B91700C48712 /* Assets.xcassets in Resources */,
			);
			runOnlyForDeploymentPostprocessing = 0;
		};
		D5EE89762B58B91700C48712 /* Resources */ = {
			isa = PBXResourcesBuildPhase;
			buildActionMask = 2147483647;
			files = (
			);
			runOnlyForDeploymentPostprocessing = 0;
		};
		D5EE89802B58B91700C48712 /* Resources */ = {
			isa = PBXResourcesBuildPhase;
			buildActionMask = 2147483647;
			files = (
			);
			runOnlyForDeploymentPostprocessing = 0;
		};
/* End PBXResourcesBuildPhase section */

/* Begin PBXSourcesBuildPhase section */
		D5EE89642B58B91600C48712 /* Sources */ = {
			isa = PBXSourcesBuildPhase;
			buildActionMask = 2147483647;
			files = (
				D5EE896E2B58B91600C48712 /* ContentView.swift in Sources */,
				D5EE896C2B58B91600C48712 /* azadApp.swift in Sources */,
			);
			runOnlyForDeploymentPostprocessing = 0;
		};
		D5EE89742B58B91700C48712 /* Sources */ = {
			isa = PBXSourcesBuildPhase;
			buildActionMask = 2147483647;
			files = (
				D5EE897D2B58B91700C48712 /* azadTests.swift in Sources */,
			);
			runOnlyForDeploymentPostprocessing = 0;
		};
		D5EE897E2B58B91700C48712 /* Sources */ = {
			isa = PBXSourcesBuildPhase;
			buildActionMask = 2147483647;
			files = (
				D5EE89892B58B91700C48712 /* azadUITestsLaunchTests.swift in Sources */,
				D5EE89872B58B91700C48712 /* azadUITests.swift in Sources */,
			);
			runOnlyForDeploymentPostprocessing = 0;
		};
/* End PBXSourcesBuildPhase section */

/* Begin PBXTargetDependency section */
		D5EE897A2B58B91700C48712 /* PBXTargetDependency */ = {
			isa = PBXTargetDependency;
			target = D5EE89672B58B91600C48712 /* azad */;
			targetProxy = D5EE89792B58B91700C48712 /* PBXContainerItemProxy */;
		};
		D5EE89842B58B91700C48712 /* PBXTargetDependency */ = {
			isa = PBXTargetDependency;
			target = D5EE89672B58B91600C48712 /* azad */;
			targetProxy = D5EE89832B58B91700C48712 /* PBXContainerItemProxy */;
		};
/* End PBXTargetDependency section */

/* Begin XCBuildConfiguration section */
		D5EE898A2B58B91700C48712 /* Debug */ = {
			isa = XCBuildConfiguration;
			buildSettings = {
				ALWAYS_SEARCH_USER_PATHS = NO;
				CLANG_ANALYZER_NONNULL = YES;
				CLANG_ANALYZER_NUMBER_OBJECT_CONVERSION = YES_AGGRESSIVE;
				CLANG_CXX_LANGUAGE_STANDARD = "gnu++20";
				CLANG_ENABLE_MODULES = YES;
				CLANG_ENABLE_OBJC_ARC = YES;
				CLANG_ENABLE_OBJC_WEAK = YES;
				CLANG_WARN_BLOCK_CAPTURE_AUTORELEASING = YES;
				CLANG_WARN_BOOL_CONVERSION = YES;
				CLANG_WARN_COMMA = YES;
				CLANG_WARN_CONSTANT_CONVERSION = YES;
				CLANG_WARN_DEPRECATED_OBJC_IMPLEMENTATIONS = YES;
				CLANG_WARN_DIRECT_OBJC_ISA_USAGE = YES_ERROR;
				CLANG_WARN_DOCUMENTATION_COMMENTS = YES;
				CLANG_WARN_EMPTY_BODY = YES;
				CLANG_WARN_ENUM_CONVERSION = YES;
				CLANG_WARN_INFINITE_RECURSION = YES;
				CLANG_WARN_INT_CONVERSION = YES;
				CLANG_WARN_NON_LITERAL_NULL_CONVERSION = YES;
				CLANG_WARN_OBJC_IMPLICIT_RETAIN_SELF = YES;
				CLANG_WARN_OBJC_LITERAL_CONVERSION = YES;
				CLANG_WARN_OBJC_ROOT_CLASS = YES_ERROR;
				CLANG_WARN_QUOTED_INCLUDE_IN_FRAMEWORK_HEADER = YES;
				CLANG_WARN_RANGE_LOOP_ANALYSIS = YES;
				CLANG_WARN_STRICT_PROTOTYPES = YES;
				CLANG_WARN_SUSPICIOUS_MOVE = YES;
				CLANG_WARN_UNGUARDED_AVAILABILITY = YES_AGGRESSIVE;
				CLANG_WARN_UNREACHABLE_CODE = YES;
				CLANG_WARN__DUPLICATE_METHOD_MATCH = YES;
				COPY_PHASE_STRIP = NO;
				DEBUG_INFORMATION_FORMAT = dwarf;
				ENABLE_STRICT_OBJC_MSGSEND = YES;
				ENABLE_TESTABILITY = YES;
				GCC_C_LANGUAGE_STANDARD = gnu11;
				GCC_DYNAMIC_NO_PIC = NO;
				GCC_NO_COMMON_BLOCKS = YES;
				GCC_OPTIMIZATION_LEVEL = 0;
				GCC_PREPROCESSOR_DEFINITIONS = (
					"DEBUG=1",
					"$(inherited)",
				);
				GCC_WARN_64_TO_32_BIT_CONVERSION = YES;
				GCC_WARN_ABOUT_RETURN_TYPE = YES_ERROR;
				GCC_WARN_UNDECLARED_SELECTOR = YES;
				GCC_WARN_UNINITIALIZED_AUTOS = YES_AGGRESSIVE;
				GCC_WARN_UNUSED_FUNCTION = YES;
				GCC_WARN_UNUSED_VARIABLE = YES;
				IPHONEOS_DEPLOYMENT_TARGET = 16.2;
				MTL_ENABLE_DEBUG_INFO = INCLUDE_SOURCE;
				MTL_FAST_MATH = YES;
				ONLY_ACTIVE_ARCH = YES;
				SDKROOT = iphoneos;
				SWIFT_ACTIVE_COMPILATION_CONDITIONS = DEBUG;
				SWIFT_OPTIMIZATION_LEVEL = "-Onone";
			};
			name = Debug;
		};
		D5EE898B2B58B91700C48712 /* Release */ = {
			isa = XCBuildConfiguration;
			buildSettings = {
				ALWAYS_SEARCH_USER_PATHS = NO;
				CLANG_ANALYZER_NONNULL = YES;
				CLANG_ANALYZER_NUMBER_OBJECT_CONVERSION = YES_AGGRESSIVE;
				CLANG_CXX_LANGUAGE_STANDARD = "gnu++20";
				CLANG_ENABLE_MODULES = YES;
				CLANG_ENABLE_OBJC_ARC = YES;
				CLANG_ENABLE_OBJC_WEAK = YES;
				CLANG_WARN_BLOCK_CAPTURE_AUTORELEASING = YES;
				CLANG_WARN_BOOL_CONVERSION = YES;
				CLANG_WARN_COMMA = YES;
				CLANG_WARN_CONSTANT_CONVERSION = YES;
				CLANG_WARN_DEPRECATED_OBJC_IMPLEMENTATIONS = YES;
				CLANG_WARN_DIRECT_OBJC_ISA_USAGE = YES_ERROR;
				CLANG_WARN_DOCUMENTATION_COMMENTS = YES;
				CLANG_WARN_EMPTY_BODY = YES;
				CLANG_WARN_ENUM_CONVERSION = YES;
				CLANG_WARN_INFINITE_RECURSION = YES;
				CLANG_WARN_INT_CONVERSION = YES;
				CLANG_WARN_NON_LITERAL_NULL_CONVERSION = YES;
				CLANG_WARN_OBJC_IMPLICIT_RETAIN_SELF = YES;
				CLANG_WARN_OBJC_LITERAL_CONVERSION = YES;
				CLANG_WARN_OBJC_ROOT_CLASS = YES_ERROR;
				CLANG_WARN_QUOTED_INCLUDE_IN_FRAMEWORK_HEADER = YES;
				CLANG_WARN_RANGE_LOOP_ANALYSIS = YES;
				CLANG_WARN_STRICT_PROTOTYPES = YES;
				CLANG_WARN_SUSPICIOUS_MOVE = YES;
				CLANG_WARN_UNGUARDED_AVAILABILITY = YES_AGGRESSIVE;
				CLANG_WARN_UNREACHABLE_CODE = YES;
				CLANG_WARN__DUPLICATE_METHOD_MATCH = YES;
				COPY_PHASE_STRIP = NO;
				DEBUG_INFORMATION_FORMAT = "dwarf-with-dsym";
				ENABLE_NS_ASSERTIONS = NO;
				ENABLE_STRICT_OBJC_MSGSEND = YES;
				GCC_C_LANGUAGE_STANDARD = gnu11;
				GCC_NO_COMMON_BLOCKS = YES;
				GCC_WARN_64_TO_32_BIT_CONVERSION = YES;
				GCC_WARN_ABOUT_RETURN_TYPE = YES_ERROR;
				GCC_WARN_UNDECLARED_SELECTOR = YES;
				GCC_WARN_UNINITIALIZED_AUTOS = YES_AGGRESSIVE;
				GCC_WARN_UNUSED_FUNCTION = YES;
				GCC_WARN_UNUSED_VARIABLE = YES;
				IPHONEOS_DEPLOYMENT_TARGET = 16.2;
				MTL_ENABLE_DEBUG_INFO = NO;
				MTL_FAST_MATH = YES;
				SDKROOT = iphoneos;
				SWIFT_COMPILATION_MODE = wholemodule;
				SWIFT_OPTIMIZATION_LEVEL = "-O";
				VALIDATE_PRODUCT = YES;
			};
			name = Release;
		};
		D5EE898D2B58B91700C48712 /* Debug */ = {
			isa = XCBuildConfiguration;
			buildSettings = {
				ASSETCATALOG_COMPILER_APPICON_NAME = AppIcon;
				ASSETCATALOG_COMPILER_GLOBAL_ACCENT_COLOR_NAME = AccentColor;
				CODE_SIGN_STYLE = Automatic;
				CURRENT_PROJECT_VERSION = 1;
				DEVELOPMENT_ASSET_PATHS = "\"azad/Preview Content\"";
				ENABLE_PREVIEWS = YES;
				GENERATE_INFOPLIST_FILE = YES;
				INFOPLIST_KEY_UIApplicationSceneManifest_Generation = YES;
				INFOPLIST_KEY_UIApplicationSupportsIndirectInputEvents = YES;
				INFOPLIST_KEY_UILaunchScreen_Generation = YES;
				INFOPLIST_KEY_UISupportedInterfaceOrientations_iPad = "UIInterfaceOrientationPortrait UIInterfaceOrientationPortraitUpsideDown UIInterfaceOrientationLandscapeLeft UIInterfaceOrientationLandscapeRight";
				INFOPLIST_KEY_UISupportedInterfaceOrientations_iPhone = "UIInterfaceOrientationPortrait UIInterfaceOrientationLandscapeLeft UIInterfaceOrientationLandscapeRight";
				LD_RUNPATH_SEARCH_PATHS = (
					"$(inherited)",
					"@executable_path/Frameworks",
				);
				MARKETING_VERSION = 1.0;
				PRODUCT_BUNDLE_IDENTIFIER = App.azad;
				PRODUCT_NAME = "$(TARGET_NAME)";
				SWIFT_EMIT_LOC_STRINGS = YES;
				SWIFT_VERSION = 5.0;
				TARGETED_DEVICE_FAMILY = "1,2";
			};
			name = Debug;
		};
		D5EE898E2B58B91700C48712 /* Release */ = {
			isa = XCBuildConfiguration;
			buildSettings = {
				ASSETCATALOG_COMPILER_APPICON_NAME = AppIcon;
				ASSETCATALOG_COMPILER_GLOBAL_ACCENT_COLOR_NAME = AccentColor;
				CODE_SIGN_STYLE = Automatic;
				CURRENT_PROJECT_VERSION = 1;
				DEVELOPMENT_ASSET_PATHS = "\"azad/Preview Content\"";
				ENABLE_PREVIEWS = YES;
				GENERATE_INFOPLIST_FILE = YES;
				INFOPLIST_KEY_UIApplicationSceneManifest_Generation = YES;
				INFOPLIST_KEY_UIApplicationSupportsIndirectInputEvents = YES;
				INFOPLIST_KEY_UILaunchScreen_Generation = YES;
				INFOPLIST_KEY_UISupportedInterfaceOrientations_iPad = "UIInterfaceOrientationPortrait UIInterfaceOrientationPortraitUpsideDown UIInterfaceOrientationLandscapeLeft UIInterfaceOrientationLandscapeRight";
				INFOPLIST_KEY_UISupportedInterfaceOrientations_iPhone = "UIInterfaceOrientationPortrait UIInterfaceOrientationLandscapeLeft UIInterfaceOrientationLandscapeRight";
				LD_RUNPATH_SEARCH_PATHS = (
					"$(inherited)",
					"@executable_path/Frameworks",
				);
				MARKETING_VERSION = 1.0;
				PRODUCT_BUNDLE_IDENTIFIER = App.azad;
				PRODUCT_NAME = "$(TARGET_NAME)";
				SWIFT_EMIT_LOC_STRINGS = YES;
				SWIFT_VERSION = 5.0;
				TARGETED_DEVICE_FAMILY = "1,2";
			};
			name = Release;
		};
		D5EE89902B58B91700C48712 /* Debug */ = {
			isa = XCBuildConfiguration;
			buildSettings = {
				ALWAYS_EMBED_SWIFT_STANDARD_LIBRARIES = YES;
				BUNDLE_LOADER = "$(TEST_HOST)";
				CODE_SIGN_STYLE = Automatic;
				CURRENT_PROJECT_VERSION = 1;
				GENERATE_INFOPLIST_FILE = YES;
				IPHONEOS_DEPLOYMENT_TARGET = 16.2;
				MARKETING_VERSION = 1.0;
				PRODUCT_BUNDLE_IDENTIFIER = App.azadTests;
				PRODUCT_NAME = "$(TARGET_NAME)";
				SWIFT_EMIT_LOC_STRINGS = NO;
				SWIFT_VERSION = 5.0;
				TARGETED_DEVICE_FAMILY = "1,2";
				TEST_HOST = "$(BUILT_PRODUCTS_DIR)/azad.app/$(BUNDLE_EXECUTABLE_FOLDER_PATH)/azad";
			};
			name = Debug;
		};
		D5EE89912B58B91700C48712 /* Release */ = {
			isa = XCBuildConfiguration;
			buildSettings = {
				ALWAYS_EMBED_SWIFT_STANDARD_LIBRARIES = YES;
				BUNDLE_LOADER = "$(TEST_HOST)";
				CODE_SIGN_STYLE = Automatic;
				CURRENT_PROJECT_VERSION = 1;
				GENERATE_INFOPLIST_FILE = YES;
				IPHONEOS_DEPLOYMENT_TARGET = 16.2;
				MARKETING_VERSION = 1.0;
				PRODUCT_BUNDLE_IDENTIFIER = App.azadTests;
				PRODUCT_NAME = "$(TARGET_NAME)";
				SWIFT_EMIT_LOC_STRINGS = NO;
				SWIFT_VERSION = 5.0;
				TARGETED_DEVICE_FAMILY = "1,2";
				TEST_HOST = "$(BUILT_PRODUCTS_DIR)/azad.app/$(BUNDLE_EXECUTABLE_FOLDER_PATH)/azad";
			};
			name = Release;
		};
		D5EE89932B58B91700C48712 /* Debug */ = {
			isa = XCBuildConfiguration;
			buildSettings = {
				ALWAYS_EMBED_SWIFT_STANDARD_LIBRARIES = YES;
				CODE_SIGN_STYLE = Automatic;
				CURRENT_PROJECT_VERSION = 1;
				GENERATE_INFOPLIST_FILE = YES;
				MARKETING_VERSION = 1.0;
				PRODUCT_BUNDLE_IDENTIFIER = App.azadUITests;
				PRODUCT_NAME = "$(TARGET_NAME)";
				SWIFT_EMIT_LOC_STRINGS = NO;
				SWIFT_VERSION = 5.0;
				TARGETED_DEVICE_FAMILY = "1,2";
				TEST_TARGET_NAME = azad;
			};
			name = Debug;
		};
		D5EE89942B58B91700C48712 /* Release */ = {
			isa = XCBuildConfiguration;
			buildSettings = {
				ALWAYS_EMBED_SWIFT_STANDARD_LIBRARIES = YES;
				CODE_SIGN_STYLE = Automatic;
				CURRENT_PROJECT_VERSION = 1;
				GENERATE_INFOPLIST_FILE = YES;
				MARKETING_VERSION = 1.0;
				PRODUCT_BUNDLE_IDENTIFIER = App.azadUITests;
				PRODUCT_NAME = "$(TARGET_NAME)";
				SWIFT_EMIT_LOC_STRINGS = NO;
				SWIFT_VERSION = 5.0;
				TARGETED_DEVICE_FAMILY = "1,2";
				TEST_TARGET_NAME = azad;
			};
			name = Release;
		};
/* End XCBuildConfiguration section */

/* Begin XCConfigurationList section */
		D5EE89632B58B91600C48712 /* Build configuration list for PBXProject "azad" */ = {
			isa = XCConfigurationList;
			buildConfigurations = (
				D5EE898A2B58B91700C48712 /* Debug */,
				D5EE898B2B58B91700C48712 /* Release */,
			);
			defaultConfigurationIsVisible = 0;
			defaultConfigurationName = Release;
		};
		D5EE898C2B58B91700C48712 /* Build configuration list for PBXNativeTarget "azad" */ = {
			isa = XCConfigurationList;
			buildConfigurations = (
				D5EE898D2B58B91700C48712 /* Debug */,
				D5EE898E2B58B91700C48712 /* Release */,
			);
			defaultConfigurationIsVisible = 0;
			defaultConfigurationName = Release;
		};
		D5EE898F2B58B91700C48712 /* Build configuration list for PBXNativeTarget "azadTests" */ = {
			isa = XCConfigurationList;
			buildConfigurations = (
				D5EE89902B58B91700C48712 /* Debug */,
				D5EE89912B58B91700C48712 /* Release */,
			);
			defaultConfigurationIsVisible = 0;
			defaultConfigurationName = Release;
		};
		D5EE89922B58B91700C48712 /* Build configuration list for PBXNativeTarget "azadUITests" */ = {
			isa = XCConfigurationList;
			buildConfigurations = (
				D5EE89932B58B91700C48712 /* Debug */,
				D5EE89942B58B91700C48712 /* Release */,
			);
			defaultConfigurationIsVisible = 0;
			defaultConfigurationName = Release;
		};
/* End XCConfigurationList section */
	};
	rootObject = D5EE89602B58B91600C48712 /* Project object */;
}
